// !$*UTF8*$!
{
	archiveVersion = 1;
	classes = {
	};
	objectVersion = 77;
	objects = {

/* Begin PBXContainerItemProxy section */
		C59EA84B2E1CF98B008952E4 /* PBXContainerItemProxy */ = {
			isa = PBXContainerItemProxy;
			containerPortal = C59EA8322E1CF989008952E4 /* Project object */;
			proxyType = 1;
			remoteGlobalIDString = C59EA8392E1CF989008952E4;
			remoteInfo = GRMS;
		};
		C59EA8552E1CF98B008952E4 /* PBXContainerItemProxy */ = {
			isa = PBXContainerItemProxy;
			containerPortal = C59EA8322E1CF989008952E4 /* Project object */;
			proxyType = 1;
			remoteGlobalIDString = C59EA8392E1CF989008952E4;
			remoteInfo = GRMS;
		};
		C59EA8852E1CFCE7008952E4 /* PBXContainerItemProxy */ = {
			isa = PBXContainerItemProxy;
			containerPortal = C59EA8322E1CF989008952E4 /* Project object */;
			proxyType = 1;
			remoteGlobalIDString = C59EA8392E1CF989008952E4;
			remoteInfo = GRMS;
		};
/* End PBXContainerItemProxy section */

/* Begin PBXFileReference section */
		C59EA83A2E1CF989008952E4 /* GRMS.app */ = {isa = PBXFileReference; explicitFileType = wrapper.application; includeInIndex = 0; path = GRMS.app; sourceTree = BUILT_PRODUCTS_DIR; };
		C59EA84A2E1CF98B008952E4 /* GRMSTests.xctest */ = {isa = PBXFileReference; explicitFileType = wrapper.cfbundle; includeInIndex = 0; path = GRMSTests.xctest; sourceTree = BUILT_PRODUCTS_DIR; };
		C59EA8542E1CF98B008952E4 /* GRMSUITests.xctest */ = {isa = PBXFileReference; explicitFileType = wrapper.cfbundle; includeInIndex = 0; path = GRMSUITests.xctest; sourceTree = BUILT_PRODUCTS_DIR; };
		C59EA8812E1CFCE7008952E4 /* ThermostatLightViewModelTests.xctest */ = {isa = PBXFileReference; explicitFileType = wrapper.cfbundle; includeInIndex = 0; path = ThermostatLightViewModelTests.xctest; sourceTree = BUILT_PRODUCTS_DIR; };
/* End PBXFileReference section */

/* Begin PBXFileSystemSynchronizedBuildFileExceptionSet section */
		C59EA88F2E1CFDB8008952E4 /* Exceptions for "ThermostatLightViewModelTests" folder in "GRMSTests" target */ = {
			isa = PBXFileSystemSynchronizedBuildFileExceptionSet;
			membershipExceptions = (
				ThermostatLightViewModelTests.swift,
			);
			target = C59EA8492E1CF98B008952E4 /* GRMSTests */;
		};
		C59EA8A92E1D0C75008952E4 /* Exceptions for "GRMS" folder in "GRMS" target */ = {
			isa = PBXFileSystemSynchronizedBuildFileExceptionSet;
			membershipExceptions = (
				Info.plist,
			);
			target = C59EA8392E1CF989008952E4 /* GRMS */;
		};
/* End PBXFileSystemSynchronizedBuildFileExceptionSet section */

/* Begin PBXFileSystemSynchronizedRootGroup section */
		C59EA83C2E1CF989008952E4 /* GRMS */ = {
			isa = PBXFileSystemSynchronizedRootGroup;
			exceptions = (
				C59EA8A92E1D0C75008952E4 /* Exceptions for "GRMS" folder in "GRMS" target */,
			);
			path = GRMS;
			sourceTree = "<group>";
		};
		C59EA84D2E1CF98B008952E4 /* GRMSTests */ = {
			isa = PBXFileSystemSynchronizedRootGroup;
			path = GRMSTests;
			sourceTree = "<group>";
		};
		C59EA8572E1CF98B008952E4 /* GRMSUITests */ = {
			isa = PBXFileSystemSynchronizedRootGroup;
			path = GRMSUITests;
			sourceTree = "<group>";
		};
		C59EA8822E1CFCE7008952E4 /* ThermostatLightViewModelTests */ = {
			isa = PBXFileSystemSynchronizedRootGroup;
			exceptions = (
				C59EA88F2E1CFDB8008952E4 /* Exceptions for "ThermostatLightViewModelTests" folder in "GRMSTests" target */,
			);
			path = ThermostatLightViewModelTests;
			sourceTree = "<group>";
		};
/* End PBXFileSystemSynchronizedRootGroup section */

/* Begin PBXFrameworksBuildPhase section */
		C59EA8372E1CF989008952E4 /* Frameworks */ = {
			isa = PBXFrameworksBuildPhase;
			buildActionMask = 2147483647;
			files = (
			);
			runOnlyForDeploymentPostprocessing = 0;
		};
		C59EA8472E1CF98B008952E4 /* Frameworks */ = {
			isa = PBXFrameworksBuildPhase;
			buildActionMask = 2147483647;
			files = (
			);
			runOnlyForDeploymentPostprocessing = 0;
		};
		C59EA8512E1CF98B008952E4 /* Frameworks */ = {
			isa = PBXFrameworksBuildPhase;
			buildActionMask = 2147483647;
			files = (
			);
			runOnlyForDeploymentPostprocessing = 0;
		};
		C59EA87E2E1CFCE7008952E4 /* Frameworks */ = {
			isa = PBXFrameworksBuildPhase;
			buildActionMask = 2147483647;
			files = (
			);
			runOnlyForDeploymentPostprocessing = 0;
		};
/* End PBXFrameworksBuildPhase section */

/* Begin PBXGroup section */
		C59EA8312E1CF989008952E4 = {
			isa = PBXGroup;
			children = (
				C59EA83C2E1CF989008952E4 /* GRMS */,
				C59EA84D2E1CF98B008952E4 /* GRMSTests */,
				C59EA8572E1CF98B008952E4 /* GRMSUITests */,
				C59EA8822E1CFCE7008952E4 /* ThermostatLightViewModelTests */,
				C59EA83B2E1CF989008952E4 /* Products */,
			);
			sourceTree = "<group>";
		};
		C59EA83B2E1CF989008952E4 /* Products */ = {
			isa = PBXGroup;
			children = (
				C59EA83A2E1CF989008952E4 /* GRMS.app */,
				C59EA84A2E1CF98B008952E4 /* GRMSTests.xctest */,
				C59EA8542E1CF98B008952E4 /* GRMSUITests.xctest */,
				C59EA8812E1CFCE7008952E4 /* ThermostatLightViewModelTests.xctest */,
			);
			name = Products;
			sourceTree = "<group>";
		};
/* End PBXGroup section */

/* Begin PBXNativeTarget section */
		C59EA8392E1CF989008952E4 /* GRMS */ = {
			isa = PBXNativeTarget;
			buildConfigurationList = C59EA85E2E1CF98B008952E4 /* Build configuration list for PBXNativeTarget "GRMS" */;
			buildPhases = (
				C59EA8362E1CF989008952E4 /* Sources */,
				C59EA8372E1CF989008952E4 /* Frameworks */,
				C59EA8382E1CF989008952E4 /* Resources */,
			);
			buildRules = (
			);
			dependencies = (
			);
			fileSystemSynchronizedGroups = (
				C59EA83C2E1CF989008952E4 /* GRMS */,
			);
			name = GRMS;
			packageProductDependencies = (
			);
			productName = GRMS;
			productReference = C59EA83A2E1CF989008952E4 /* GRMS.app */;
			productType = "com.apple.product-type.application";
		};
		C59EA8492E1CF98B008952E4 /* GRMSTests */ = {
			isa = PBXNativeTarget;
			buildConfigurationList = C59EA8612E1CF98B008952E4 /* Build configuration list for PBXNativeTarget "GRMSTests" */;
			buildPhases = (
				C59EA8462E1CF98B008952E4 /* Sources */,
				C59EA8472E1CF98B008952E4 /* Frameworks */,
				C59EA8482E1CF98B008952E4 /* Resources */,
			);
			buildRules = (
			);
			dependencies = (
				C59EA84C2E1CF98B008952E4 /* PBXTargetDependency */,
			);
			fileSystemSynchronizedGroups = (
				C59EA84D2E1CF98B008952E4 /* GRMSTests */,
			);
			name = GRMSTests;
			packageProductDependencies = (
			);
			productName = GRMSTests;
			productReference = C59EA84A2E1CF98B008952E4 /* GRMSTests.xctest */;
			productType = "com.apple.product-type.bundle.unit-test";
		};
		C59EA8532E1CF98B008952E4 /* GRMSUITests */ = {
			isa = PBXNativeTarget;
			buildConfigurationList = C59EA8642E1CF98B008952E4 /* Build configuration list for PBXNativeTarget "GRMSUITests" */;
			buildPhases = (
				C59EA8502E1CF98B008952E4 /* Sources */,
				C59EA8512E1CF98B008952E4 /* Frameworks */,
				C59EA8522E1CF98B008952E4 /* Resources */,
			);
			buildRules = (
			);
			dependencies = (
				C59EA8562E1CF98B008952E4 /* PBXTargetDependency */,
			);
			fileSystemSynchronizedGroups = (
				C59EA8572E1CF98B008952E4 /* GRMSUITests */,
			);
			name = GRMSUITests;
			packageProductDependencies = (
			);
			productName = GRMSUITests;
			productReference = C59EA8542E1CF98B008952E4 /* GRMSUITests.xctest */;
			productType = "com.apple.product-type.bundle.ui-testing";
		};
		C59EA8802E1CFCE7008952E4 /* ThermostatLightViewModelTests */ = {
			isa = PBXNativeTarget;
			buildConfigurationList = C59EA8872E1CFCE7008952E4 /* Build configuration list for PBXNativeTarget "ThermostatLightViewModelTests" */;
			buildPhases = (
				C59EA87D2E1CFCE7008952E4 /* Sources */,
				C59EA87E2E1CFCE7008952E4 /* Frameworks */,
				C59EA87F2E1CFCE7008952E4 /* Resources */,
			);
			buildRules = (
			);
			dependencies = (
				C59EA8862E1CFCE7008952E4 /* PBXTargetDependency */,
			);
			fileSystemSynchronizedGroups = (
				C59EA8822E1CFCE7008952E4 /* ThermostatLightViewModelTests */,
			);
			name = ThermostatLightViewModelTests;
			packageProductDependencies = (
			);
			productName = ThermostatLightViewModelTests;
			productReference = C59EA8812E1CFCE7008952E4 /* ThermostatLightViewModelTests.xctest */;
			productType = "com.apple.product-type.bundle.unit-test";
		};
/* End PBXNativeTarget section */

/* Begin PBXProject section */
		C59EA8322E1CF989008952E4 /* Project object */ = {
			isa = PBXProject;
			attributes = {
				BuildIndependentTargetsInParallel = 1;
				LastSwiftUpdateCheck = 1600;
				LastUpgradeCheck = 1600;
				TargetAttributes = {
					C59EA8392E1CF989008952E4 = {
						CreatedOnToolsVersion = 16.0;
					};
					C59EA8492E1CF98B008952E4 = {
						CreatedOnToolsVersion = 16.0;
						TestTargetID = C59EA8392E1CF989008952E4;
					};
					C59EA8532E1CF98B008952E4 = {
						CreatedOnToolsVersion = 16.0;
						TestTargetID = C59EA8392E1CF989008952E4;
					};
					C59EA8802E1CFCE7008952E4 = {
						CreatedOnToolsVersion = 16.0;
						TestTargetID = C59EA8392E1CF989008952E4;
					};
				};
			};
			buildConfigurationList = C59EA8352E1CF989008952E4 /* Build configuration list for PBXProject "GRMS" */;
			developmentRegion = en;
			hasScannedForEncodings = 0;
			knownRegions = (
				en,
				Base,
			);
			mainGroup = C59EA8312E1CF989008952E4;
			minimizedProjectReferenceProxies = 1;
			preferredProjectObjectVersion = 77;
			productRefGroup = C59EA83B2E1CF989008952E4 /* Products */;
			projectDirPath = "";
			projectRoot = "";
			targets = (
				C59EA8392E1CF989008952E4 /* GRMS */,
				C59EA8492E1CF98B008952E4 /* GRMSTests */,
				C59EA8532E1CF98B008952E4 /* GRMSUITests */,
				C59EA8802E1CFCE7008952E4 /* ThermostatLightViewModelTests */,
			);
		};
/* End PBXProject section */

/* Begin PBXResourcesBuildPhase section */
		C59EA8382E1CF989008952E4 /* Resources */ = {
			isa = PBXResourcesBuildPhase;
			buildActionMask = 2147483647;
			files = (
			);
			runOnlyForDeploymentPostprocessing = 0;
		};
		C59EA8482E1CF98B008952E4 /* Resources */ = {
			isa = PBXResourcesBuildPhase;
			buildActionMask = 2147483647;
			files = (
			);
			runOnlyForDeploymentPostprocessing = 0;
		};
		C59EA8522E1CF98B008952E4 /* Resources */ = {
			isa = PBXResourcesBuildPhase;
			buildActionMask = 2147483647;
			files = (
			);
			runOnlyForDeploymentPostprocessing = 0;
		};
		C59EA87F2E1CFCE7008952E4 /* Resources */ = {
			isa = PBXResourcesBuildPhase;
			buildActionMask = 2147483647;
			files = (
			);
			runOnlyForDeploymentPostprocessing = 0;
		};
/* End PBXResourcesBuildPhase section */

/* Begin PBXSourcesBuildPhase section */
		C59EA8362E1CF989008952E4 /* Sources */ = {
			isa = PBXSourcesBuildPhase;
			buildActionMask = 2147483647;
			files = (
			);
			runOnlyForDeploymentPostprocessing = 0;
		};
		C59EA8462E1CF98B008952E4 /* Sources */ = {
			isa = PBXSourcesBuildPhase;
			buildActionMask = 2147483647;
			files = (
			);
			runOnlyForDeploymentPostprocessing = 0;
		};
		C59EA8502E1CF98B008952E4 /* Sources */ = {
			isa = PBXSourcesBuildPhase;
			buildActionMask = 2147483647;
			files = (
			);
			runOnlyForDeploymentPostprocessing = 0;
		};
		C59EA87D2E1CFCE7008952E4 /* Sources */ = {
			isa = PBXSourcesBuildPhase;
			buildActionMask = 2147483647;
			files = (
			);
			runOnlyForDeploymentPostprocessing = 0;
		};
/* End PBXSourcesBuildPhase section */

/* Begin PBXTargetDependency section */
		C59EA84C2E1CF98B008952E4 /* PBXTargetDependency */ = {
			isa = PBXTargetDependency;
			target = C59EA8392E1CF989008952E4 /* GRMS */;
			targetProxy = C59EA84B2E1CF98B008952E4 /* PBXContainerItemProxy */;
		};
		C59EA8562E1CF98B008952E4 /* PBXTargetDependency */ = {
			isa = PBXTargetDependency;
			target = C59EA8392E1CF989008952E4 /* GRMS */;
			targetProxy = C59EA8552E1CF98B008952E4 /* PBXContainerItemProxy */;
		};
		C59EA8862E1CFCE7008952E4 /* PBXTargetDependency */ = {
			isa = PBXTargetDependency;
			target = C59EA8392E1CF989008952E4 /* GRMS */;
			targetProxy = C59EA8852E1CFCE7008952E4 /* PBXContainerItemProxy */;
		};
/* End PBXTargetDependency section */

/* Begin XCBuildConfiguration section */
		C59EA85C2E1CF98B008952E4 /* Debug */ = {
			isa = XCBuildConfiguration;
			buildSettings = {
				ALWAYS_SEARCH_USER_PATHS = NO;
				ASSETCATALOG_COMPILER_GENERATE_SWIFT_ASSET_SYMBOL_EXTENSIONS = YES;
				CLANG_ANALYZER_NONNULL = YES;
				CLANG_ANALYZER_NUMBER_OBJECT_CONVERSION = YES_AGGRESSIVE;
				CLANG_CXX_LANGUAGE_STANDARD = "gnu++20";
				CLANG_ENABLE_MODULES = YES;
				CLANG_ENABLE_OBJC_ARC = YES;
				CLANG_ENABLE_OBJC_WEAK = YES;
				CLANG_WARN_BLOCK_CAPTURE_AUTORELEASING = YES;
				CLANG_WARN_BOOL_CONVERSION = YES;
				CLANG_WARN_COMMA = YES;
				CLANG_WARN_CONSTANT_CONVERSION = YES;
				CLANG_WARN_DEPRECATED_OBJC_IMPLEMENTATIONS = YES;
				CLANG_WARN_DIRECT_OBJC_ISA_USAGE = YES_ERROR;
				CLANG_WARN_DOCUMENTATION_COMMENTS = YES;
				CLANG_WARN_EMPTY_BODY = YES;
				CLANG_WARN_ENUM_CONVERSION = YES;
				CLANG_WARN_INFINITE_RECURSION = YES;
				CLANG_WARN_INT_CONVERSION = YES;
				CLANG_WARN_NON_LITERAL_NULL_CONVERSION = YES;
				CLANG_WARN_OBJC_IMPLICIT_RETAIN_SELF = YES;
				CLANG_WARN_OBJC_LITERAL_CONVERSION = YES;
				CLANG_WARN_OBJC_ROOT_CLASS = YES_ERROR;
				CLANG_WARN_QUOTED_INCLUDE_IN_FRAMEWORK_HEADER = YES;
				CLANG_WARN_RANGE_LOOP_ANALYSIS = YES;
				CLANG_WARN_STRICT_PROTOTYPES = YES;
				CLANG_WARN_SUSPICIOUS_MOVE = YES;
				CLANG_WARN_UNGUARDED_AVAILABILITY = YES_AGGRESSIVE;
				CLANG_WARN_UNREACHABLE_CODE = YES;
				CLANG_WARN__DUPLICATE_METHOD_MATCH = YES;
				COPY_PHASE_STRIP = NO;
				DEBUG_INFORMATION_FORMAT = dwarf;
				ENABLE_STRICT_OBJC_MSGSEND = YES;
				ENABLE_TESTABILITY = YES;
				ENABLE_USER_SCRIPT_SANDBOXING = YES;
				GCC_C_LANGUAGE_STANDARD = gnu17;
				GCC_DYNAMIC_NO_PIC = NO;
				GCC_NO_COMMON_BLOCKS = YES;
				GCC_OPTIMIZATION_LEVEL = 0;
				GCC_PREPROCESSOR_DEFINITIONS = (
					"DEBUG=1",
					"$(inherited)",
				);
				GCC_WARN_64_TO_32_BIT_CONVERSION = YES;
				GCC_WARN_ABOUT_RETURN_TYPE = YES_ERROR;
				GCC_WARN_UNDECLARED_SELECTOR = YES;
				GCC_WARN_UNINITIALIZED_AUTOS = YES_AGGRESSIVE;
				GCC_WARN_UNUSED_FUNCTION = YES;
				GCC_WARN_UNUSED_VARIABLE = YES;
				IPHONEOS_DEPLOYMENT_TARGET = 18.0;
				LOCALIZATION_PREFERS_STRING_CATALOGS = YES;
				MTL_ENABLE_DEBUG_INFO = INCLUDE_SOURCE;
				MTL_FAST_MATH = YES;
				ONLY_ACTIVE_ARCH = YES;
				SDKROOT = iphoneos;
				SWIFT_ACTIVE_COMPILATION_CONDITIONS = "DEBUG $(inherited)";
				SWIFT_OPTIMIZATION_LEVEL = "-Onone";
			};
			name = Debug;
		};
		C59EA85D2E1CF98B008952E4 /* Release */ = {
			isa = XCBuildConfiguration;
			buildSettings = {
				ALWAYS_SEARCH_USER_PATHS = NO;
				ASSETCATALOG_COMPILER_GENERATE_SWIFT_ASSET_SYMBOL_EXTENSIONS = YES;
				CLANG_ANALYZER_NONNULL = YES;
				CLANG_ANALYZER_NUMBER_OBJECT_CONVERSION = YES_AGGRESSIVE;
				CLANG_CXX_LANGUAGE_STANDARD = "gnu++20";
				CLANG_ENABLE_MODULES = YES;
				CLANG_ENABLE_OBJC_ARC = YES;
				CLANG_ENABLE_OBJC_WEAK = YES;
				CLANG_WARN_BLOCK_CAPTURE_AUTORELEASING = YES;
				CLANG_WARN_BOOL_CONVERSION = YES;
				CLANG_WARN_COMMA = YES;
				CLANG_WARN_CONSTANT_CONVERSION = YES;
				CLANG_WARN_DEPRECATED_OBJC_IMPLEMENTATIONS = YES;
				CLANG_WARN_DIRECT_OBJC_ISA_USAGE = YES_ERROR;
				CLANG_WARN_DOCUMENTATION_COMMENTS = YES;
				CLANG_WARN_EMPTY_BODY = YES;
				CLANG_WARN_ENUM_CONVERSION = YES;
				CLANG_WARN_INFINITE_RECURSION = YES;
				CLANG_WARN_INT_CONVERSION = YES;
				CLANG_WARN_NON_LITERAL_NULL_CONVERSION = YES;
				CLANG_WARN_OBJC_IMPLICIT_RETAIN_SELF = YES;
				CLANG_WARN_OBJC_LITERAL_CONVERSION = YES;
				CLANG_WARN_OBJC_ROOT_CLASS = YES_ERROR;
				CLANG_WARN_QUOTED_INCLUDE_IN_FRAMEWORK_HEADER = YES;
				CLANG_WARN_RANGE_LOOP_ANALYSIS = YES;
				CLANG_WARN_STRICT_PROTOTYPES = YES;
				CLANG_WARN_SUSPICIOUS_MOVE = YES;
				CLANG_WARN_UNGUARDED_AVAILABILITY = YES_AGGRESSIVE;
				CLANG_WARN_UNREACHABLE_CODE = YES;
				CLANG_WARN__DUPLICATE_METHOD_MATCH = YES;
				COPY_PHASE_STRIP = NO;
				DEBUG_INFORMATION_FORMAT = "dwarf-with-dsym";
				ENABLE_NS_ASSERTIONS = NO;
				ENABLE_STRICT_OBJC_MSGSEND = YES;
				ENABLE_USER_SCRIPT_SANDBOXING = YES;
				GCC_C_LANGUAGE_STANDARD = gnu17;
				GCC_NO_COMMON_BLOCKS = YES;
				GCC_WARN_64_TO_32_BIT_CONVERSION = YES;
				GCC_WARN_ABOUT_RETURN_TYPE = YES_ERROR;
				GCC_WARN_UNDECLARED_SELECTOR = YES;
				GCC_WARN_UNINITIALIZED_AUTOS = YES_AGGRESSIVE;
				GCC_WARN_UNUSED_FUNCTION = YES;
				GCC_WARN_UNUSED_VARIABLE = YES;
				IPHONEOS_DEPLOYMENT_TARGET = 18.0;
				LOCALIZATION_PREFERS_STRING_CATALOGS = YES;
				MTL_ENABLE_DEBUG_INFO = NO;
				MTL_FAST_MATH = YES;
				SDKROOT = iphoneos;
				SWIFT_COMPILATION_MODE = wholemodule;
				VALIDATE_PRODUCT = YES;
			};
			name = Release;
		};
		C59EA85F2E1CF98B008952E4 /* Debug */ = {
			isa = XCBuildConfiguration;
			buildSettings = {
				ASSETCATALOG_COMPILER_APPICON_NAME = AppIcon;
				ASSETCATALOG_COMPILER_GLOBAL_ACCENT_COLOR_NAME = AccentColor;
				CODE_SIGN_STYLE = Automatic;
				CURRENT_PROJECT_VERSION = 1;
				DEVELOPMENT_ASSET_PATHS = "\"GRMS/Preview Content\"";
				ENABLE_PREVIEWS = YES;
				GENERATE_INFOPLIST_FILE = YES;
				INFOPLIST_FILE = GRMS/Info.plist;
				INFOPLIST_KEY_LSApplicationCategoryType = "";
				INFOPLIST_KEY_NSBluetoothAlwaysUsageDescription = "This app uses Bluetooth to connect to nearby IoT devices like thermostat and light controls";
				INFOPLIST_KEY_NSBluetoothPeripheralUsageDescription = "This app requires Bluetooth access";
				INFOPLIST_KEY_UIApplicationSceneManifest_Generation = YES;
				INFOPLIST_KEY_UILaunchScreen_Generation = YES;
				INFOPLIST_KEY_UISupportedInterfaceOrientations = UIInterfaceOrientationPortrait;
				IPHONEOS_DEPLOYMENT_TARGET = 15.6;
				LD_RUNPATH_SEARCH_PATHS = (
					"$(inherited)",
					"@executable_path/Frameworks",
				);
				MARKETING_VERSION = 1.0;
				PRODUCT_BUNDLE_IDENTIFIER = com.purushoth.GRMS;
				PRODUCT_NAME = "$(TARGET_NAME)";
				SWIFT_EMIT_LOC_STRINGS = YES;
				SWIFT_VERSION = 5.0;
				TARGETED_DEVICE_FAMILY = "1,2";
			};
			name = Debug;
		};
		C59EA8602E1CF98B008952E4 /* Release */ = {
			isa = XCBuildConfiguration;
			buildSettings = {
				ASSETCATALOG_COMPILER_APPICON_NAME = AppIcon;
				ASSETCATALOG_COMPILER_GLOBAL_ACCENT_COLOR_NAME = AccentColor;
				CODE_SIGN_STYLE = Automatic;
				CURRENT_PROJECT_VERSION = 1;
				DEVELOPMENT_ASSET_PATHS = "\"GRMS/Preview Content\"";
				ENABLE_PREVIEWS = YES;
				GENERATE_INFOPLIST_FILE = YES;
				INFOPLIST_FILE = GRMS/Info.plist;
				INFOPLIST_KEY_LSApplicationCategoryType = "";
				INFOPLIST_KEY_NSBluetoothAlwaysUsageDescription = "This app uses Bluetooth to connect to nearby IoT devices like thermostat and light controls";
				INFOPLIST_KEY_NSBluetoothPeripheralUsageDescription = "This app requires Bluetooth access";
				INFOPLIST_KEY_UIApplicationSceneManifest_Generation = YES;
				INFOPLIST_KEY_UILaunchScreen_Generation = YES;
				INFOPLIST_KEY_UISupportedInterfaceOrientations = UIInterfaceOrientationPortrait;
				IPHONEOS_DEPLOYMENT_TARGET = 15.6;
				LD_RUNPATH_SEARCH_PATHS = (
					"$(inherited)",
					"@executable_path/Frameworks",
				);
				MARKETING_VERSION = 1.0;
				PRODUCT_BUNDLE_IDENTIFIER = com.purushoth.GRMS;
				PRODUCT_NAME = "$(TARGET_NAME)";
				SWIFT_EMIT_LOC_STRINGS = YES;
				SWIFT_VERSION = 5.0;
				TARGETED_DEVICE_FAMILY = "1,2";
			};
			name = Release;
		};
		C59EA8622E1CF98B008952E4 /* Debug */ = {
			isa = XCBuildConfiguration;
			buildSettings = {
				BUNDLE_LOADER = "$(TEST_HOST)";
				CODE_SIGN_STYLE = Automatic;
				CURRENT_PROJECT_VERSION = 1;
				GENERATE_INFOPLIST_FILE = YES;
				IPHONEOS_DEPLOYMENT_TARGET = 18.0;
				MARKETING_VERSION = 1.0;
				PRODUCT_BUNDLE_IDENTIFIER = com.purushoth.GRMSTests;
				PRODUCT_NAME = "$(TARGET_NAME)";
				SWIFT_EMIT_LOC_STRINGS = NO;
				SWIFT_VERSION = 5.0;
				TARGETED_DEVICE_FAMILY = "1,2";
				TEST_HOST = "$(BUILT_PRODUCTS_DIR)/GRMS.app/$(BUNDLE_EXECUTABLE_FOLDER_PATH)/GRMS";
			};
			name = Debug;
		};
		C59EA8632E1CF98B008952E4 /* Release */ = {
			isa = XCBuildConfiguration;
			buildSettings = {
				BUNDLE_LOADER = "$(TEST_HOST)";
				CODE_SIGN_STYLE = Automatic;
				CURRENT_PROJECT_VERSION = 1;
				GENERATE_INFOPLIST_FILE = YES;
				IPHONEOS_DEPLOYMENT_TARGET = 18.0;
				MARKETING_VERSION = 1.0;
				PRODUCT_BUNDLE_IDENTIFIER = com.purushoth.GRMSTests;
				PRODUCT_NAME = "$(TARGET_NAME)";
				SWIFT_EMIT_LOC_STRINGS = NO;
				SWIFT_VERSION = 5.0;
				TARGETED_DEVICE_FAMILY = "1,2";
				TEST_HOST = "$(BUILT_PRODUCTS_DIR)/GRMS.app/$(BUNDLE_EXECUTABLE_FOLDER_PATH)/GRMS";
			};
			name = Release;
		};
		C59EA8652E1CF98B008952E4 /* Debug */ = {
			isa = XCBuildConfiguration;
			buildSettings = {
				CODE_SIGN_STYLE = Automatic;
				CURRENT_PROJECT_VERSION = 1;
				GENERATE_INFOPLIST_FILE = YES;
				MARKETING_VERSION = 1.0;
				PRODUCT_BUNDLE_IDENTIFIER = com.purushoth.GRMSUITests;
				PRODUCT_NAME = "$(TARGET_NAME)";
				SWIFT_EMIT_LOC_STRINGS = NO;
				SWIFT_VERSION = 5.0;
				TARGETED_DEVICE_FAMILY = "1,2";
				TEST_TARGET_NAME = GRMS;
			};
			name = Debug;
		};
		C59EA8662E1CF98B008952E4 /* Release */ = {
			isa = XCBuildConfiguration;
			buildSettings = {
				CODE_SIGN_STYLE = Automatic;
				CURRENT_PROJECT_VERSION = 1;
				GENERATE_INFOPLIST_FILE = YES;
				MARKETING_VERSION = 1.0;
				PRODUCT_BUNDLE_IDENTIFIER = com.purushoth.GRMSUITests;
				PRODUCT_NAME = "$(TARGET_NAME)";
				SWIFT_EMIT_LOC_STRINGS = NO;
				SWIFT_VERSION = 5.0;
				TARGETED_DEVICE_FAMILY = "1,2";
				TEST_TARGET_NAME = GRMS;
			};
			name = Release;
		};
		C59EA8882E1CFCE7008952E4 /* Debug */ = {
			isa = XCBuildConfiguration;
			buildSettings = {
				BUNDLE_LOADER = "$(TEST_HOST)";
				CODE_SIGN_STYLE = Automatic;
				CURRENT_PROJECT_VERSION = 1;
				GENERATE_INFOPLIST_FILE = YES;
				IPHONEOS_DEPLOYMENT_TARGET = 15.6;
				MARKETING_VERSION = 1.0;
				PRODUCT_BUNDLE_IDENTIFIER = com.purushoth.ThermostatLightViewModelTests;
				PRODUCT_NAME = "$(TARGET_NAME)";
				SWIFT_EMIT_LOC_STRINGS = NO;
				SWIFT_VERSION = 5.0;
				TARGETED_DEVICE_FAMILY = "1,2";
				TEST_HOST = "$(BUILT_PRODUCTS_DIR)/GRMS.app/$(BUNDLE_EXECUTABLE_FOLDER_PATH)/GRMS";
			};
			name = Debug;
		};
		C59EA8892E1CFCE7008952E4 /* Release */ = {
			isa = XCBuildConfiguration;
			buildSettings = {
				BUNDLE_LOADER = "$(TEST_HOST)";
				CODE_SIGN_STYLE = Automatic;
				CURRENT_PROJECT_VERSION = 1;
				GENERATE_INFOPLIST_FILE = YES;
				IPHONEOS_DEPLOYMENT_TARGET = 15.6;
				MARKETING_VERSION = 1.0;
				PRODUCT_BUNDLE_IDENTIFIER = com.purushoth.ThermostatLightViewModelTests;
				PRODUCT_NAME = "$(TARGET_NAME)";
				SWIFT_EMIT_LOC_STRINGS = NO;
				SWIFT_VERSION = 5.0;
				TARGETED_DEVICE_FAMILY = "1,2";
				TEST_HOST = "$(BUILT_PRODUCTS_DIR)/GRMS.app/$(BUNDLE_EXECUTABLE_FOLDER_PATH)/GRMS";
			};
			name = Release;
		};
/* End XCBuildConfiguration section */

/* Begin XCConfigurationList section */
		C59EA8352E1CF989008952E4 /* Build configuration list for PBXProject "GRMS" */ = {
			isa = XCConfigurationList;
			buildConfigurations = (
				C59EA85C2E1CF98B008952E4 /* Debug */,
				C59EA85D2E1CF98B008952E4 /* Release */,
			);
			defaultConfigurationIsVisible = 0;
			defaultConfigurationName = Release;
		};
		C59EA85E2E1CF98B008952E4 /* Build configuration list for PBXNativeTarget "GRMS" */ = {
			isa = XCConfigurationList;
			buildConfigurations = (
				C59EA85F2E1CF98B008952E4 /* Debug */,
				C59EA8602E1CF98B008952E4 /* Release */,
			);
			defaultConfigurationIsVisible = 0;
			defaultConfigurationName = Release;
		};
		C59EA8612E1CF98B008952E4 /* Build configuration list for PBXNativeTarget "GRMSTests" */ = {
			isa = XCConfigurationList;
			buildConfigurations = (
				C59EA8622E1CF98B008952E4 /* Debug */,
				C59EA8632E1CF98B008952E4 /* Release */,
			);
			defaultConfigurationIsVisible = 0;
			defaultConfigurationName = Release;
		};
		C59EA8642E1CF98B008952E4 /* Build configuration list for PBXNativeTarget "GRMSUITests" */ = {
			isa = XCConfigurationList;
			buildConfigurations = (
				C59EA8652E1CF98B008952E4 /* Debug */,
				C59EA8662E1CF98B008952E4 /* Release */,
			);
			defaultConfigurationIsVisible = 0;
			defaultConfigurationName = Release;
		};
		C59EA8872E1CFCE7008952E4 /* Build configuration list for PBXNativeTarget "ThermostatLightViewModelTests" */ = {
			isa = XCConfigurationList;
			buildConfigurations = (
				C59EA8882E1CFCE7008952E4 /* Debug */,
				C59EA8892E1CFCE7008952E4 /* Release */,
			);
			defaultConfigurationIsVisible = 0;
			defaultConfigurationName = Release;
		};
/* End XCConfigurationList section */
	};
	rootObject = C59EA8322E1CF989008952E4 /* Project object */;
}
